
Microsoft Visual Studio Solution File, Format Version 12.00
# Visual Studio Version 17
VisualStudioVersion = 17.0.32014.148
MinimumVisualStudioVersion = 10.0.40219.1
Project("{FAE04EC0-301F-11D3-BF4B-00C04F79EFBC}") = "Luo Painter", "Luo Painter\Luo Painter.csproj", "{893D14EC-2106-4192-9440-39103EF394AC}"
EndProject
Project("{FAE04EC0-301F-11D3-BF4B-00C04F79EFBC}") = "Luo Painter.Elements", "Luo Painter.Elements\Luo Painter.Elements.csproj", "{DF0FE13F-3D6D-432D-ACA9-1D2B6009C843}"
EndProject
Project("{FAE04EC0-301F-11D3-BF4B-00C04F79EFBC}") = "Luo Painter.Shaders", "Luo Painter.Shaders\Luo Painter.Shaders.csproj", "{31CCDE60-A61F-438D-A3EF-C26216F5F517}"
EndProject
Project("{FAE04EC0-301F-11D3-BF4B-00C04F79EFBC}") = "Luo Painter.Historys", "Luo Painter.Historys\Luo Painter.Historys.csproj", "{3F41D818-7A96-4A18-94D2-0C440A3108DE}"
EndProject
Project("{FAE04EC0-301F-11D3-BF4B-00C04F79EFBC}") = "Luo Painter.Layers", "Luo Painter.Layers\Luo Painter.Layers.csproj", "{E8193F9B-9C7C-483F-AAFB-600011619D5A}"
EndProject
Project("{FAE04EC0-301F-11D3-BF4B-00C04F79EFBC}") = "Luo Painter.Tools", "Luo Painter.Tools\Luo Painter.Tools.csproj", "{CFDC0144-0649-431A-9D8D-95246D2F3837}"
EndProject
Project("{FAE04EC0-301F-11D3-BF4B-00C04F79EFBC}") = "Luo Painter.TestApp", "Luo Painter.TestApp\Luo Painter.TestApp.csproj", "{37E8EB39-17F0-4A86-982F-B90997756BB5}"
EndProject
Project("{FAE04EC0-301F-11D3-BF4B-00C04F79EFBC}") = "Luo Painter.Blends", "Luo Painter.Blends\Luo Painter.Blends.csproj", "{113BDC6D-952F-477E-9451-4E9D2475B7B7}"
EndProject
Project("{FAE04EC0-301F-11D3-BF4B-00C04F79EFBC}") = "Luo Painter.Options", "Luo Painter.Options\Luo Painter.Options.csproj", "{ED8FD210-E644-4130-B622-BBB791E09E8D}"
EndProject
Project("{FAE04EC0-301F-11D3-BF4B-00C04F79EFBC}") = "Luo Painter.Brushes", "Luo Painter.Brushes\Luo Painter.Brushes.csproj", "{749C10DB-0A66-4EAC-87DC-B320F781F9A3}"
EndProject
Global
	GlobalSection(SolutionConfigurationPlatforms) = preSolution
		Debug|Any CPU = Debug|Any CPU
		Debug|ARM = Debug|ARM
		Debug|ARM64 = Debug|ARM64
		Debug|x64 = Debug|x64
		Debug|x86 = Debug|x86
		Release|Any CPU = Release|Any CPU
		Release|ARM = Release|ARM
		Release|ARM64 = Release|ARM64
		Release|x64 = Release|x64
		Release|x86 = Release|x86
	EndGlobalSection
	GlobalSection(ProjectConfigurationPlatforms) = postSolution
		{893D14EC-2106-4192-9440-39103EF394AC}.Debug|Any CPU.ActiveCfg = Debug|x64
		{893D14EC-2106-4192-9440-39103EF394AC}.Debug|Any CPU.Build.0 = Debug|x64
		{893D14EC-2106-4192-9440-39103EF394AC}.Debug|Any CPU.Deploy.0 = Debug|x64
		{893D14EC-2106-4192-9440-39103EF394AC}.Debug|ARM.ActiveCfg = Debug|ARM
		{893D14EC-2106-4192-9440-39103EF394AC}.Debug|ARM.Build.0 = Debug|ARM
		{893D14EC-2106-4192-9440-39103EF394AC}.Debug|ARM.Deploy.0 = Debug|ARM
		{893D14EC-2106-4192-9440-39103EF394AC}.Debug|ARM64.ActiveCfg = Debug|ARM64
		{893D14EC-2106-4192-9440-39103EF394AC}.Debug|ARM64.Build.0 = Debug|ARM64
		{893D14EC-2106-4192-9440-39103EF394AC}.Debug|ARM64.Deploy.0 = Debug|ARM64
		{893D14EC-2106-4192-9440-39103EF394AC}.Debug|x64.ActiveCfg = Debug|x64
		{893D14EC-2106-4192-9440-39103EF394AC}.Debug|x64.Build.0 = Debug|x64
		{893D14EC-2106-4192-9440-39103EF394AC}.Debug|x64.Deploy.0 = Debug|x64
		{893D14EC-2106-4192-9440-39103EF394AC}.Debug|x86.ActiveCfg = Debug|x86
		{893D14EC-2106-4192-9440-39103EF394AC}.Debug|x86.Build.0 = Debug|x86
		{893D14EC-2106-4192-9440-39103EF394AC}.Debug|x86.Deploy.0 = Debug|x86
		{893D14EC-2106-4192-9440-39103EF394AC}.Release|Any CPU.ActiveCfg = Release|x64
		{893D14EC-2106-4192-9440-39103EF394AC}.Release|Any CPU.Build.0 = Release|x64
		{893D14EC-2106-4192-9440-39103EF394AC}.Release|Any CPU.Deploy.0 = Release|x64
		{893D14EC-2106-4192-9440-39103EF394AC}.Release|ARM.ActiveCfg = Release|ARM
		{893D14EC-2106-4192-9440-39103EF394AC}.Release|ARM.Build.0 = Release|ARM
		{893D14EC-2106-4192-9440-39103EF394AC}.Release|ARM.Deploy.0 = Release|ARM
		{893D14EC-2106-4192-9440-39103EF394AC}.Release|ARM64.ActiveCfg = Release|ARM64
		{893D14EC-2106-4192-9440-39103EF394AC}.Release|ARM64.Build.0 = Release|ARM64
		{893D14EC-2106-4192-9440-39103EF394AC}.Release|ARM64.Deploy.0 = Release|ARM64
		{893D14EC-2106-4192-9440-39103EF394AC}.Release|x64.ActiveCfg = Release|x64
		{893D14EC-2106-4192-9440-39103EF394AC}.Release|x64.Build.0 = Release|x64
		{893D14EC-2106-4192-9440-39103EF394AC}.Release|x64.Deploy.0 = Release|x64
		{893D14EC-2106-4192-9440-39103EF394AC}.Release|x86.ActiveCfg = Release|x86
		{893D14EC-2106-4192-9440-39103EF394AC}.Release|x86.Build.0 = Release|x86
		{893D14EC-2106-4192-9440-39103EF394AC}.Release|x86.Deploy.0 = Release|x86
		{DF0FE13F-3D6D-432D-ACA9-1D2B6009C843}.Debug|Any CPU.ActiveCfg = Debug|Any CPU
		{DF0FE13F-3D6D-432D-ACA9-1D2B6009C843}.Debug|Any CPU.Build.0 = Debug|Any CPU
		{DF0FE13F-3D6D-432D-ACA9-1D2B6009C843}.Debug|ARM.ActiveCfg = Debug|ARM
		{DF0FE13F-3D6D-432D-ACA9-1D2B6009C843}.Debug|ARM.Build.0 = Debug|ARM
		{DF0FE13F-3D6D-432D-ACA9-1D2B6009C843}.Debug|ARM64.ActiveCfg = Debug|ARM64
		{DF0FE13F-3D6D-432D-ACA9-1D2B6009C843}.Debug|ARM64.Build.0 = Debug|ARM64
		{DF0FE13F-3D6D-432D-ACA9-1D2B6009C843}.Debug|x64.ActiveCfg = Debug|x64
		{DF0FE13F-3D6D-432D-ACA9-1D2B6009C843}.Debug|x64.Build.0 = Debug|x64
		{DF0FE13F-3D6D-432D-ACA9-1D2B6009C843}.Debug|x86.ActiveCfg = Debug|x86
		{DF0FE13F-3D6D-432D-ACA9-1D2B6009C843}.Debug|x86.Build.0 = Debug|x86
		{DF0FE13F-3D6D-432D-ACA9-1D2B6009C843}.Release|Any CPU.ActiveCfg = Release|Any CPU
		{DF0FE13F-3D6D-432D-ACA9-1D2B6009C843}.Release|Any CPU.Build.0 = Release|Any CPU
		{DF0FE13F-3D6D-432D-ACA9-1D2B6009C843}.Release|ARM.ActiveCfg = Release|ARM
		{DF0FE13F-3D6D-432D-ACA9-1D2B6009C843}.Release|ARM.Build.0 = Release|ARM
		{DF0FE13F-3D6D-432D-ACA9-1D2B6009C843}.Release|ARM64.ActiveCfg = Release|ARM64
		{DF0FE13F-3D6D-432D-ACA9-1D2B6009C843}.Release|ARM64.Build.0 = Release|ARM64
		{DF0FE13F-3D6D-432D-ACA9-1D2B6009C843}.Release|x64.ActiveCfg = Release|x64
		{DF0FE13F-3D6D-432D-ACA9-1D2B6009C843}.Release|x64.Build.0 = Release|x64
		{DF0FE13F-3D6D-432D-ACA9-1D2B6009C843}.Release|x86.ActiveCfg = Release|x86
		{DF0FE13F-3D6D-432D-ACA9-1D2B6009C843}.Release|x86.Build.0 = Release|x86
		{31CCDE60-A61F-438D-A3EF-C26216F5F517}.Debug|Any CPU.ActiveCfg = Debug|Any CPU
		{31CCDE60-A61F-438D-A3EF-C26216F5F517}.Debug|Any CPU.Build.0 = Debug|Any CPU
		{31CCDE60-A61F-438D-A3EF-C26216F5F517}.Debug|ARM.ActiveCfg = Debug|ARM
		{31CCDE60-A61F-438D-A3EF-C26216F5F517}.Debug|ARM.Build.0 = Debug|ARM
		{31CCDE60-A61F-438D-A3EF-C26216F5F517}.Debug|ARM64.ActiveCfg = Debug|ARM64
		{31CCDE60-A61F-438D-A3EF-C26216F5F517}.Debug|ARM64.Build.0 = Debug|ARM64
		{31CCDE60-A61F-438D-A3EF-C26216F5F517}.Debug|x64.ActiveCfg = Debug|x64
		{31CCDE60-A61F-438D-A3EF-C26216F5F517}.Debug|x64.Build.0 = Debug|x64
		{31CCDE60-A61F-438D-A3EF-C26216F5F517}.Debug|x86.ActiveCfg = Debug|x86
		{31CCDE60-A61F-438D-A3EF-C26216F5F517}.Debug|x86.Build.0 = Debug|x86
		{31CCDE60-A61F-438D-A3EF-C26216F5F517}.Release|Any CPU.ActiveCfg = Release|Any CPU
		{31CCDE60-A61F-438D-A3EF-C26216F5F517}.Release|Any CPU.Build.0 = Release|Any CPU
		{31CCDE60-A61F-438D-A3EF-C26216F5F517}.Release|ARM.ActiveCfg = Release|ARM
		{31CCDE60-A61F-438D-A3EF-C26216F5F517}.Release|ARM.Build.0 = Release|ARM
		{31CCDE60-A61F-438D-A3EF-C26216F5F517}.Release|ARM64.ActiveCfg = Release|ARM64
		{31CCDE60-A61F-438D-A3EF-C26216F5F517}.Release|ARM64.Build.0 = Release|ARM64
		{31CCDE60-A61F-438D-A3EF-C26216F5F517}.Release|x64.ActiveCfg = Release|x64
		{31CCDE60-A61F-438D-A3EF-C26216F5F517}.Release|x64.Build.0 = Release|x64
		{31CCDE60-A61F-438D-A3EF-C26216F5F517}.Release|x86.ActiveCfg = Release|x86
		{31CCDE60-A61F-438D-A3EF-C26216F5F517}.Release|x86.Build.0 = Release|x86
		{3F41D818-7A96-4A18-94D2-0C440A3108DE}.Debug|Any CPU.ActiveCfg = Debug|Any CPU
		{3F41D818-7A96-4A18-94D2-0C440A3108DE}.Debug|Any CPU.Build.0 = Debug|Any CPU
		{3F41D818-7A96-4A18-94D2-0C440A3108DE}.Debug|ARM.ActiveCfg = Debug|ARM
		{3F41D818-7A96-4A18-94D2-0C440A3108DE}.Debug|ARM.Build.0 = Debug|ARM
		{3F41D818-7A96-4A18-94D2-0C440A3108DE}.Debug|ARM64.ActiveCfg = Debug|ARM64
		{3F41D818-7A96-4A18-94D2-0C440A3108DE}.Debug|ARM64.Build.0 = Debug|ARM64
		{3F41D818-7A96-4A18-94D2-0C440A3108DE}.Debug|x64.ActiveCfg = Debug|x64
		{3F41D818-7A96-4A18-94D2-0C440A3108DE}.Debug|x64.Build.0 = Debug|x64
		{3F41D818-7A96-4A18-94D2-0C440A3108DE}.Debug|x86.ActiveCfg = Debug|x86
		{3F41D818-7A96-4A18-94D2-0C440A3108DE}.Debug|x86.Build.0 = Debug|x86
		{3F41D818-7A96-4A18-94D2-0C440A3108DE}.Release|Any CPU.ActiveCfg = Release|Any CPU
		{3F41D818-7A96-4A18-94D2-0C440A3108DE}.Release|Any CPU.Build.0 = Release|Any CPU
		{3F41D818-7A96-4A18-94D2-0C440A3108DE}.Release|ARM.ActiveCfg = Release|ARM
		{3F41D818-7A96-4A18-94D2-0C440A3108DE}.Release|ARM.Build.0 = Release|ARM
		{3F41D818-7A96-4A18-94D2-0C440A3108DE}.Release|ARM64.ActiveCfg = Release|ARM64
		{3F41D818-7A96-4A18-94D2-0C440A3108DE}.Release|ARM64.Build.0 = Release|ARM64
		{3F41D818-7A96-4A18-94D2-0C440A3108DE}.Release|x64.ActiveCfg = Release|x64
		{3F41D818-7A96-4A18-94D2-0C440A3108DE}.Release|x64.Build.0 = Release|x64
		{3F41D818-7A96-4A18-94D2-0C440A3108DE}.Release|x86.ActiveCfg = Release|x86
		{3F41D818-7A96-4A18-94D2-0C440A3108DE}.Release|x86.Build.0 = Release|x86
		{E8193F9B-9C7C-483F-AAFB-600011619D5A}.Debug|Any CPU.ActiveCfg = Debug|Any CPU
		{E8193F9B-9C7C-483F-AAFB-600011619D5A}.Debug|Any CPU.Build.0 = Debug|Any CPU
		{E8193F9B-9C7C-483F-AAFB-600011619D5A}.Debug|ARM.ActiveCfg = Debug|ARM
		{E8193F9B-9C7C-483F-AAFB-600011619D5A}.Debug|ARM.Build.0 = Debug|ARM
		{E8193F9B-9C7C-483F-AAFB-600011619D5A}.Debug|ARM64.ActiveCfg = Debug|ARM64
		{E8193F9B-9C7C-483F-AAFB-600011619D5A}.Debug|ARM64.Build.0 = Debug|ARM64
		{E8193F9B-9C7C-483F-AAFB-600011619D5A}.Debug|x64.ActiveCfg = Debug|x64
		{E8193F9B-9C7C-483F-AAFB-600011619D5A}.Debug|x64.Build.0 = Debug|x64
		{E8193F9B-9C7C-483F-AAFB-600011619D5A}.Debug|x86.ActiveCfg = Debug|x86
		{E8193F9B-9C7C-483F-AAFB-600011619D5A}.Debug|x86.Build.0 = Debug|x86
		{E8193F9B-9C7C-483F-AAFB-600011619D5A}.Release|Any CPU.ActiveCfg = Release|Any CPU
		{E8193F9B-9C7C-483F-AAFB-600011619D5A}.Release|Any CPU.Build.0 = Release|Any CPU
		{E8193F9B-9C7C-483F-AAFB-600011619D5A}.Release|ARM.ActiveCfg = Release|ARM
		{E8193F9B-9C7C-483F-AAFB-600011619D5A}.Release|ARM.Build.0 = Release|ARM
		{E8193F9B-9C7C-483F-AAFB-600011619D5A}.Release|ARM64.ActiveCfg = Release|ARM64
		{E8193F9B-9C7C-483F-AAFB-600011619D5A}.Release|ARM64.Build.0 = Release|ARM64
		{E8193F9B-9C7C-483F-AAFB-600011619D5A}.Release|x64.ActiveCfg = Release|x64
		{E8193F9B-9C7C-483F-AAFB-600011619D5A}.Release|x64.Build.0 = Release|x64
		{E8193F9B-9C7C-483F-AAFB-600011619D5A}.Release|x86.ActiveCfg = Release|x86
		{E8193F9B-9C7C-483F-AAFB-600011619D5A}.Release|x86.Build.0 = Release|x86
		{CFDC0144-0649-431A-9D8D-95246D2F3837}.Debug|Any CPU.ActiveCfg = Debug|Any CPU
		{CFDC0144-0649-431A-9D8D-95246D2F3837}.Debug|Any CPU.Build.0 = Debug|Any CPU
		{CFDC0144-0649-431A-9D8D-95246D2F3837}.Debug|ARM.ActiveCfg = Debug|ARM
		{CFDC0144-0649-431A-9D8D-95246D2F3837}.Debug|ARM.Build.0 = Debug|ARM
		{CFDC0144-0649-431A-9D8D-95246D2F3837}.Debug|ARM64.ActiveCfg = Debug|ARM64
		{CFDC0144-0649-431A-9D8D-95246D2F3837}.Debug|ARM64.Build.0 = Debug|ARM64
		{CFDC0144-0649-431A-9D8D-95246D2F3837}.Debug|x64.ActiveCfg = Debug|x64
		{CFDC0144-0649-431A-9D8D-95246D2F3837}.Debug|x64.Build.0 = Debug|x64
		{CFDC0144-0649-431A-9D8D-95246D2F3837}.Debug|x86.ActiveCfg = Debug|x86
		{CFDC0144-0649-431A-9D8D-95246D2F3837}.Debug|x86.Build.0 = Debug|x86
		{CFDC0144-0649-431A-9D8D-95246D2F3837}.Release|Any CPU.ActiveCfg = Release|Any CPU
		{CFDC0144-0649-431A-9D8D-95246D2F3837}.Release|Any CPU.Build.0 = Release|Any CPU
		{CFDC0144-0649-431A-9D8D-95246D2F3837}.Release|ARM.ActiveCfg = Release|ARM
		{CFDC0144-0649-431A-9D8D-95246D2F3837}.Release|ARM.Build.0 = Release|ARM
		{CFDC0144-0649-431A-9D8D-95246D2F3837}.Release|ARM64.ActiveCfg = Release|ARM64
		{CFDC0144-0649-431A-9D8D-95246D2F3837}.Release|ARM64.Build.0 = Release|ARM64
		{CFDC0144-0649-431A-9D8D-95246D2F3837}.Release|x64.ActiveCfg = Release|x64
		{CFDC0144-0649-431A-9D8D-95246D2F3837}.Release|x64.Build.0 = Release|x64
		{CFDC0144-0649-431A-9D8D-95246D2F3837}.Release|x86.ActiveCfg = Release|x86
		{CFDC0144-0649-431A-9D8D-95246D2F3837}.Release|x86.Build.0 = Release|x86
		{37E8EB39-17F0-4A86-982F-B90997756BB5}.Debug|Any CPU.ActiveCfg = Debug|x64
		{37E8EB39-17F0-4A86-982F-B90997756BB5}.Debug|Any CPU.Build.0 = Debug|x64
		{37E8EB39-17F0-4A86-982F-B90997756BB5}.Debug|Any CPU.Deploy.0 = Debug|x64
		{37E8EB39-17F0-4A86-982F-B90997756BB5}.Debug|ARM.ActiveCfg = Debug|ARM
		{37E8EB39-17F0-4A86-982F-B90997756BB5}.Debug|ARM.Build.0 = Debug|ARM
		{37E8EB39-17F0-4A86-982F-B90997756BB5}.Debug|ARM.Deploy.0 = Debug|ARM
		{37E8EB39-17F0-4A86-982F-B90997756BB5}.Debug|ARM64.ActiveCfg = Debug|ARM64
		{37E8EB39-17F0-4A86-982F-B90997756BB5}.Debug|ARM64.Build.0 = Debug|ARM64
		{37E8EB39-17F0-4A86-982F-B90997756BB5}.Debug|ARM64.Deploy.0 = Debug|ARM64
		{37E8EB39-17F0-4A86-982F-B90997756BB5}.Debug|x64.ActiveCfg = Debug|x64
		{37E8EB39-17F0-4A86-982F-B90997756BB5}.Debug|x64.Build.0 = Debug|x64
		{37E8EB39-17F0-4A86-982F-B90997756BB5}.Debug|x64.Deploy.0 = Debug|x64
		{37E8EB39-17F0-4A86-982F-B90997756BB5}.Debug|x86.ActiveCfg = Debug|x86
		{37E8EB39-17F0-4A86-982F-B90997756BB5}.Debug|x86.Build.0 = Debug|x86
		{37E8EB39-17F0-4A86-982F-B90997756BB5}.Debug|x86.Deploy.0 = Debug|x86
		{37E8EB39-17F0-4A86-982F-B90997756BB5}.Release|Any CPU.ActiveCfg = Release|x64
		{37E8EB39-17F0-4A86-982F-B90997756BB5}.Release|Any CPU.Build.0 = Release|x64
		{37E8EB39-17F0-4A86-982F-B90997756BB5}.Release|Any CPU.Deploy.0 = Release|x64
		{37E8EB39-17F0-4A86-982F-B90997756BB5}.Release|ARM.ActiveCfg = Release|ARM
		{37E8EB39-17F0-4A86-982F-B90997756BB5}.Release|ARM.Build.0 = Release|ARM
		{37E8EB39-17F0-4A86-982F-B90997756BB5}.Release|ARM.Deploy.0 = Release|ARM
		{37E8EB39-17F0-4A86-982F-B90997756BB5}.Release|ARM64.ActiveCfg = Release|ARM64
		{37E8EB39-17F0-4A86-982F-B90997756BB5}.Release|ARM64.Build.0 = Release|ARM64
		{37E8EB39-17F0-4A86-982F-B90997756BB5}.Release|ARM64.Deploy.0 = Release|ARM64
		{37E8EB39-17F0-4A86-982F-B90997756BB5}.Release|x64.ActiveCfg = Release|x64
		{37E8EB39-17F0-4A86-982F-B90997756BB5}.Release|x64.Build.0 = Release|x64
		{37E8EB39-17F0-4A86-982F-B90997756BB5}.Release|x64.Deploy.0 = Release|x64
		{37E8EB39-17F0-4A86-982F-B90997756BB5}.Release|x86.ActiveCfg = Release|x86
		{37E8EB39-17F0-4A86-982F-B90997756BB5}.Release|x86.Build.0 = Release|x86
		{37E8EB39-17F0-4A86-982F-B90997756BB5}.Release|x86.Deploy.0 = Release|x86
		{113BDC6D-952F-477E-9451-4E9D2475B7B7}.Debug|Any CPU.ActiveCfg = Debug|Any CPU
		{113BDC6D-952F-477E-9451-4E9D2475B7B7}.Debug|Any CPU.Build.0 = Debug|Any CPU
		{113BDC6D-952F-477E-9451-4E9D2475B7B7}.Debug|ARM.ActiveCfg = Debug|ARM
		{113BDC6D-952F-477E-9451-4E9D2475B7B7}.Debug|ARM.Build.0 = Debug|ARM
		{113BDC6D-952F-477E-9451-4E9D2475B7B7}.Debug|ARM64.ActiveCfg = Debug|ARM64
		{113BDC6D-952F-477E-9451-4E9D2475B7B7}.Debug|ARM64.Build.0 = Debug|ARM64
		{113BDC6D-952F-477E-9451-4E9D2475B7B7}.Debug|x64.ActiveCfg = Debug|x64
		{113BDC6D-952F-477E-9451-4E9D2475B7B7}.Debug|x64.Build.0 = Debug|x64
		{113BDC6D-952F-477E-9451-4E9D2475B7B7}.Debug|x86.ActiveCfg = Debug|x86
		{113BDC6D-952F-477E-9451-4E9D2475B7B7}.Debug|x86.Build.0 = Debug|x86
		{113BDC6D-952F-477E-9451-4E9D2475B7B7}.Release|Any CPU.ActiveCfg = Release|Any CPU
		{113BDC6D-952F-477E-9451-4E9D2475B7B7}.Release|Any CPU.Build.0 = Release|Any CPU
		{113BDC6D-952F-477E-9451-4E9D2475B7B7}.Release|ARM.ActiveCfg = Release|ARM
		{113BDC6D-952F-477E-9451-4E9D2475B7B7}.Release|ARM.Build.0 = Release|ARM
		{113BDC6D-952F-477E-9451-4E9D2475B7B7}.Release|ARM64.ActiveCfg = Release|ARM64
		{113BDC6D-952F-477E-9451-4E9D2475B7B7}.Release|ARM64.Build.0 = Release|ARM64
		{113BDC6D-952F-477E-9451-4E9D2475B7B7}.Release|x64.ActiveCfg = Release|x64
		{113BDC6D-952F-477E-9451-4E9D2475B7B7}.Release|x64.Build.0 = Release|x64
		{113BDC6D-952F-477E-9451-4E9D2475B7B7}.Release|x86.ActiveCfg = Release|x86
		{113BDC6D-952F-477E-9451-4E9D2475B7B7}.Release|x86.Build.0 = Release|x86
		{ED8FD210-E644-4130-B622-BBB791E09E8D}.Debug|Any CPU.ActiveCfg = Debug|Any CPU
		{ED8FD210-E644-4130-B622-BBB791E09E8D}.Debug|Any CPU.Build.0 = Debug|Any CPU
		{ED8FD210-E644-4130-B622-BBB791E09E8D}.Debug|ARM.ActiveCfg = Debug|ARM
		{ED8FD210-E644-4130-B622-BBB791E09E8D}.Debug|ARM.Build.0 = Debug|ARM
		{ED8FD210-E644-4130-B622-BBB791E09E8D}.Debug|ARM64.ActiveCfg = Debug|ARM64
		{ED8FD210-E644-4130-B622-BBB791E09E8D}.Debug|ARM64.Build.0 = Debug|ARM64
		{ED8FD210-E644-4130-B622-BBB791E09E8D}.Debug|x64.ActiveCfg = Debug|x64
		{ED8FD210-E644-4130-B622-BBB791E09E8D}.Debug|x64.Build.0 = Debug|x64
		{ED8FD210-E644-4130-B622-BBB791E09E8D}.Debug|x86.ActiveCfg = Debug|x86
		{ED8FD210-E644-4130-B622-BBB791E09E8D}.Debug|x86.Build.0 = Debug|x86
		{ED8FD210-E644-4130-B622-BBB791E09E8D}.Release|Any CPU.ActiveCfg = Release|Any CPU
		{ED8FD210-E644-4130-B622-BBB791E09E8D}.Release|Any CPU.Build.0 = Release|Any CPU
		{ED8FD210-E644-4130-B622-BBB791E09E8D}.Release|ARM.ActiveCfg = Release|ARM
		{ED8FD210-E644-4130-B622-BBB791E09E8D}.Release|ARM.Build.0 = Release|ARM
		{ED8FD210-E644-4130-B622-BBB791E09E8D}.Release|ARM64.ActiveCfg = Release|ARM64
		{ED8FD210-E644-4130-B622-BBB791E09E8D}.Release|ARM64.Build.0 = Release|ARM64
		{ED8FD210-E644-4130-B622-BBB791E09E8D}.Release|x64.ActiveCfg = Release|x64
		{ED8FD210-E644-4130-B622-BBB791E09E8D}.Release|x64.Build.0 = Release|x64
		{ED8FD210-E644-4130-B622-BBB791E09E8D}.Release|x86.ActiveCfg = Release|x86
		{ED8FD210-E644-4130-B622-BBB791E09E8D}.Release|x86.Build.0 = Release|x86
		{749C10DB-0A66-4EAC-87DC-B320F781F9A3}.Debug|Any CPU.ActiveCfg = Debug|Any CPU
		{749C10DB-0A66-4EAC-87DC-B320F781F9A3}.Debug|Any CPU.Build.0 = Debug|Any CPU
		{749C10DB-0A66-4EAC-87DC-B320F781F9A3}.Debug|ARM.ActiveCfg = Debug|ARM
		{749C10DB-0A66-4EAC-87DC-B320F781F9A3}.Debug|ARM.Build.0 = Debug|ARM
		{749C10DB-0A66-4EAC-87DC-B320F781F9A3}.Debug|ARM64.ActiveCfg = Debug|ARM64
		{749C10DB-0A66-4EAC-87DC-B320F781F9A3}.Debug|ARM64.Build.0 = Debug|ARM64
		{749C10DB-0A66-4EAC-87DC-B320F781F9A3}.Debug|x64.ActiveCfg = Debug|x64
		{749C10DB-0A66-4EAC-87DC-B320F781F9A3}.Debug|x64.Build.0 = Debug|x64
		{749C10DB-0A66-4EAC-87DC-B320F781F9A3}.Debug|x86.ActiveCfg = Debug|x86
		{749C10DB-0A66-4EAC-87DC-B320F781F9A3}.Debug|x86.Build.0 = Debug|x86
		{749C10DB-0A66-4EAC-87DC-B320F781F9A3}.Release|Any CPU.ActiveCfg = Release|Any CPU
		{749C10DB-0A66-4EAC-87DC-B320F781F9A3}.Release|Any CPU.Build.0 = Release|Any CPU
		{749C10DB-0A66-4EAC-87DC-B320F781F9A3}.Release|ARM.ActiveCfg = Release|ARM
		{749C10DB-0A66-4EAC-87DC-B320F781F9A3}.Release|ARM.Build.0 = Release|ARM
		{749C10DB-0A66-4EAC-87DC-B320F781F9A3}.Release|ARM64.ActiveCfg = Release|ARM64
		{749C10DB-0A66-4EAC-87DC-B320F781F9A3}.Release|ARM64.Build.0 = Release|ARM64
		{749C10DB-0A66-4EAC-87DC-B320F781F9A3}.Release|x64.ActiveCfg = Release|x64
		{749C10DB-0A66-4EAC-87DC-B320F781F9A3}.Release|x64.Build.0 = Release|x64
		{749C10DB-0A66-4EAC-87DC-B320F781F9A3}.Release|x86.ActiveCfg = Release|x86
		{749C10DB-0A66-4EAC-87DC-B320F781F9A3}.Release|x86.Build.0 = Release|x86
	EndGlobalSection
	GlobalSection(SolutionProperties) = preSolution
		HideSolutionNode = FALSE
	EndGlobalSection
	GlobalSection(ExtensibilityGlobals) = postSolution
		SolutionGuid = {DFDB3A7B-DAF7-4743-BC8E-B7D05DF3DE3B}
	EndGlobalSection
EndGlobal
